
Microsoft Visual Studio Solution File, Format Version 12.00
# Visual Studio 15
Project("{FAE04EC0-301F-11D3-BF4B-00C04F79EFBC}") = "Assembly-CSharp", "Assembly-CSharp.csproj", "{DD490E7F-3489-C165-6741-D1D8F1D0111F}"
EndProject
Project("{FAE04EC0-301F-11D3-BF4B-00C04F79EFBC}") = "Assembly-CSharp-firstpass", "Assembly-CSharp-firstpass.csproj", "{93DD70D4-B282-D33B-55BF-27E91516A469}"
EndProject
Project("{FAE04EC0-301F-11D3-BF4B-00C04F79EFBC}") = "Assembly-CSharp-Editor-firstpass", "Assembly-CSharp-Editor-firstpass.csproj", "{0627041F-C973-A0C4-984B-D237F706F995}"
EndProject
Global
	GlobalSection(SolutionConfigurationPlatforms) = preSolution
		Debug|Any CPU = Debug|Any CPU
		Release|Any CPU = Release|Any CPU
	EndGlobalSection
	GlobalSection(ProjectConfigurationPlatforms) = postSolution
		{DD490E7F-3489-C165-6741-D1D8F1D0111F}.Debug|Any CPU.ActiveCfg = Debug|Any CPU
		{DD490E7F-3489-C165-6741-D1D8F1D0111F}.Debug|Any CPU.Build.0 = Debug|Any CPU
		{DD490E7F-3489-C165-6741-D1D8F1D0111F}.Release|Any CPU.ActiveCfg = Release|Any CPU
		{DD490E7F-3489-C165-6741-D1D8F1D0111F}.Release|Any CPU.Build.0 = Release|Any CPU
		{93DD70D4-B282-D33B-55BF-27E91516A469}.Debug|Any CPU.ActiveCfg = Debug|Any CPU
		{93DD70D4-B282-D33B-55BF-27E91516A469}.Debug|Any CPU.Build.0 = Debug|Any CPU
		{93DD70D4-B282-D33B-55BF-27E91516A469}.Release|Any CPU.ActiveCfg = Release|Any CPU
		{93DD70D4-B282-D33B-55BF-27E91516A469}.Release|Any CPU.Build.0 = Release|Any CPU
		{0627041F-C973-A0C4-984B-D237F706F995}.Debug|Any CPU.ActiveCfg = Debug|Any CPU
		{0627041F-C973-A0C4-984B-D237F706F995}.Debug|Any CPU.Build.0 = Debug|Any CPU
		{0627041F-C973-A0C4-984B-D237F706F995}.Release|Any CPU.ActiveCfg = Release|Any CPU
		{0627041F-C973-A0C4-984B-D237F706F995}.Release|Any CPU.Build.0 = Release|Any CPU
	EndGlobalSection
	GlobalSection(SolutionProperties) = preSolution
		HideSolutionNode = FALSE
	EndGlobalSection
EndGlobal
